
Microsoft Visual Studio Solution File, Format Version 12.00
# Visual Studio Version 17
VisualStudioVersion = 17.14.36616.10 d17.14
MinimumVisualStudioVersion = 10.0.40219.1
Project("{FAE04EC0-301F-11D3-BF4B-00C04F79EFBC}") = "Karia.WebUI", "Karia.WebUI\Karia.WebUI.csproj", "{F6A2D392-02B9-48A0-B53E-B2E978452A91}"
EndProject
Global
	GlobalSection(SolutionConfigurationPlatforms) = preSolution
		Debug|Any CPU = Debug|Any CPU
		Release|Any CPU = Release|Any CPU
	EndGlobalSection
	GlobalSection(ProjectConfigurationPlatforms) = postSolution
		{F6A2D392-02B9-48A0-B53E-B2E978452A91}.Debug|Any CPU.ActiveCfg = Debug|Any CPU
		{F6A2D392-02B9-48A0-B53E-B2E978452A91}.Debug|Any CPU.Build.0 = Debug|Any CPU
		{F6A2D392-02B9-48A0-B53E-B2E978452A91}.Release|Any CPU.ActiveCfg = Release|Any CPU
		{F6A2D392-02B9-48A0-B53E-B2E978452A91}.Release|Any CPU.Build.0 = Release|Any CPU
	EndGlobalSection
	GlobalSection(SolutionProperties) = preSolution
		HideSolutionNode = FALSE
	EndGlobalSection
	GlobalSection(ExtensibilityGlobals) = postSolution
		SolutionGuid = {BEF9E581-9341-4DFD-82FF-625ADC1BDA62}
	EndGlobalSection
EndGlobal
